<?xml version="1.0" encoding="utf-8"?>
<Project ToolsVersion="4.0" xmlns="http://schemas.microsoft.com/developer/msbuild/2003">
  <ItemGroup>
    <Filter Include="Source Files">
      <UniqueIdentifier>{4FC737F1-C7A5-4376-A066-2A32D752A2FF}</UniqueIdentifier>
    </Filter>
    <Filter Include="Header Files">
      <UniqueIdentifier>{93995380-89BD-4B04-88EB-625FBE52EBFB}</UniqueIdentifier>
    </Filter>
    <Filter Include="Resource Files">
      <UniqueIdentifier>{67DA6AB6-F800-4C08-8B7E-83BB121492CE}</UniqueIdentifier>
    </Filter>
  </ItemGroup>
  <ItemGroup>
    <ClInclude Include="src\stdafx.h">
      <Filter>Header Files</Filter>
    </ClInclude>
    <ClInclude Include="src\targetver.h">
      <Filter>Header Files</Filter>
    </ClInclude>
    <ClInclude Include="src\AsyncHashCalculator.h">
      <Filter>Header Files</Filter>
    </ClInclude>
    <ClInclude Include="src\HashCalculator.h">
      <Filter>Header Files</Filter>
    </ClInclude>
    <ClInclude Include="src\PEDebugInfo.h">
      <Filter>Header Files</Filter>
    </ClInclude>
    <ClInclude Include="src\PdbFileInfo.h">
      <Filter>Header Files</Filter>
    </ClInclude>
    <ClInclude Include="src\PEParser.h">
      <Filter>Header Files</Filter>
    </ClInclude>
    <ClInclude Include="src\PEResource.h">
      <Filter>Header Files</Filter>
    </ClInclude>
    <ClInclude Include="src\PESignature.h">
      <Filter>Header Files</Filter>
    </ClInclude>
    <ClInclude Include="src\PECore.h">
      <Filter>Header Files</Filter>
    </ClInclude>
    <ClInclude Include="src\ReportJsonWriter.h">
      <Filter>Header Files</Filter>
    </ClInclude>
    <ClInclude Include="src\ReportTextWriter.h">
      <Filter>Header Files</Filter>
    </ClInclude>
    <ClInclude Include="src\ReportTypes.h">
      <Filter>Header Files</Filter>
    </ClInclude>
    <ClInclude Include="src\ReportUtil.h">
      <Filter>Header Files</Filter>
    </ClInclude>
    <ClInclude Include="src\ShellContextMenu.h">
      <Filter>Header Files</Filter>
    </ClInclude>
    <ClInclude Include="src\StringsScanner.h">
      <Filter>Header Files</Filter>
    </ClInclude>
    <ClInclude Include="src\StringsSearchHistory.h">
      <Filter>Header Files</Filter>
    </ClInclude>
  </ItemGroup>
  <ItemGroup>
    <ClCompile Include="src\stdafx.cpp">
      <Filter>Source Files</Filter>
    </ClCompile>
    <ClCompile Include="src\AsyncHashCalculator.cpp">
      <Filter>Source Files</Filter>
    </ClCompile>
    <ClCompile Include="src\GuiMain.cpp">
      <Filter>Source Files</Filter>
    </ClCompile>
    <ClCompile Include="src\HashCalculator.cpp">
      <Filter>Source Files</Filter>
    </ClCompile>
    <ClCompile Include="src\PEDebugInfo.cpp">
      <Filter>Source Files</Filter>
    </ClCompile>
    <ClCompile Include="src\PdbFileInfo.cpp">
      <Filter>Source Files</Filter>
    </ClCompile>
    <ClCompile Include="src\PEParser.cpp">
      <Filter>Source Files</Filter>
    </ClCompile>
    <ClCompile Include="src\PEResource.cpp">
      <Filter>Source Files</Filter>
    </ClCompile>
    <ClCompile Include="src\PESignature.cpp">
      <Filter>Source Files</Filter>
    </ClCompile>
    <ClCompile Include="src\PECore.cpp">
      <Filter>Source Files</Filter>
    </ClCompile>
    <ClCompile Include="src\ReportJsonWriter.cpp">
      <Filter>Source Files</Filter>
    </ClCompile>
    <ClCompile Include="src\ReportTextWriter.cpp">
      <Filter>Source Files</Filter>
    </ClCompile>
    <ClCompile Include="src\ReportUtil.cpp">
      <Filter>Source Files</Filter>
    </ClCompile>
    <ClCompile Include="src\ShellContextMenu.cpp">
      <Filter>Source Files</Filter>
    </ClCompile>
    <ClCompile Include="src\StringsScanner.cpp">
      <Filter>Source Files</Filter>
    </ClCompile>
    <ClCompile Include="src\StringsSearchHistory.cpp">
      <Filter>Source Files</Filter>
    </ClCompile>
  </ItemGroup>
  <ItemGroup>
    <None Include="res\PEInfoGui.manifest">
      <Filter>Resource Files</Filter>
    </None>
  </ItemGroup>
</Project>

