
Microsoft Visual Studio Solution File, Format Version 12.00
# Visual Studio Version 17
Project("{8BC9CEB8-8B4A-11D0-8D11-00A0C91BC942}") = "ALL_BUILD", "ALL_BUILD.vcxproj", "{89B4243B-9253-3E96-A547-0EF1B286D74F}"
	ProjectSection(ProjectDependencies) = postProject
		{06AC8603-9A83-31B1-A422-809934EAC637} = {06AC8603-9A83-31B1-A422-809934EAC637}
		{AD7B0085-994D-378D-992C-BF0951F327F0} = {AD7B0085-994D-378D-992C-BF0951F327F0}
	EndProjectSection
EndProject
Project("{8BC9CEB8-8B4A-11D0-8D11-00A0C91BC942}") = "PEAnalyzerTest", "PEAnalyzerTest.vcxproj", "{06AC8603-9A83-31B1-A422-809934EAC637}"
	ProjectSection(ProjectDependencies) = postProject
		{AD7B0085-994D-378D-992C-BF0951F327F0} = {AD7B0085-994D-378D-992C-BF0951F327F0}
	EndProjectSection
EndProject
Project("{8BC9CEB8-8B4A-11D0-8D11-00A0C91BC942}") = "ZERO_CHECK", "ZERO_CHECK.vcxproj", "{AD7B0085-994D-378D-992C-BF0951F327F0}"
	ProjectSection(ProjectDependencies) = postProject
	EndProjectSection
EndProject
Global
	GlobalSection(SolutionConfigurationPlatforms) = preSolution
		Debug|x64 = Debug|x64
		Release|x64 = Release|x64
		MinSizeRel|x64 = MinSizeRel|x64
		RelWithDebInfo|x64 = RelWithDebInfo|x64
	EndGlobalSection
	GlobalSection(ProjectConfigurationPlatforms) = postSolution
		{89B4243B-9253-3E96-A547-0EF1B286D74F}.Debug|x64.ActiveCfg = Debug|x64
		{89B4243B-9253-3E96-A547-0EF1B286D74F}.Release|x64.ActiveCfg = Release|x64
		{89B4243B-9253-3E96-A547-0EF1B286D74F}.MinSizeRel|x64.ActiveCfg = MinSizeRel|x64
		{89B4243B-9253-3E96-A547-0EF1B286D74F}.RelWithDebInfo|x64.ActiveCfg = RelWithDebInfo|x64
		{06AC8603-9A83-31B1-A422-809934EAC637}.Debug|x64.ActiveCfg = Debug|x64
		{06AC8603-9A83-31B1-A422-809934EAC637}.Debug|x64.Build.0 = Debug|x64
		{06AC8603-9A83-31B1-A422-809934EAC637}.Release|x64.ActiveCfg = Release|x64
		{06AC8603-9A83-31B1-A422-809934EAC637}.Release|x64.Build.0 = Release|x64
		{06AC8603-9A83-31B1-A422-809934EAC637}.MinSizeRel|x64.ActiveCfg = MinSizeRel|x64
		{06AC8603-9A83-31B1-A422-809934EAC637}.MinSizeRel|x64.Build.0 = MinSizeRel|x64
		{06AC8603-9A83-31B1-A422-809934EAC637}.RelWithDebInfo|x64.ActiveCfg = RelWithDebInfo|x64
		{06AC8603-9A83-31B1-A422-809934EAC637}.RelWithDebInfo|x64.Build.0 = RelWithDebInfo|x64
		{AD7B0085-994D-378D-992C-BF0951F327F0}.Debug|x64.ActiveCfg = Debug|x64
		{AD7B0085-994D-378D-992C-BF0951F327F0}.Debug|x64.Build.0 = Debug|x64
		{AD7B0085-994D-378D-992C-BF0951F327F0}.Release|x64.ActiveCfg = Release|x64
		{AD7B0085-994D-378D-992C-BF0951F327F0}.Release|x64.Build.0 = Release|x64
		{AD7B0085-994D-378D-992C-BF0951F327F0}.MinSizeRel|x64.ActiveCfg = MinSizeRel|x64
		{AD7B0085-994D-378D-992C-BF0951F327F0}.MinSizeRel|x64.Build.0 = MinSizeRel|x64
		{AD7B0085-994D-378D-992C-BF0951F327F0}.RelWithDebInfo|x64.ActiveCfg = RelWithDebInfo|x64
		{AD7B0085-994D-378D-992C-BF0951F327F0}.RelWithDebInfo|x64.Build.0 = RelWithDebInfo|x64
	EndGlobalSection
	GlobalSection(ExtensibilityGlobals) = postSolution
		SolutionGuid = {0E08836B-29F5-3CCD-82B4-F3CF21802232}
	EndGlobalSection
	GlobalSection(ExtensibilityAddIns) = postSolution
	EndGlobalSection
EndGlobal
