<?xml version="1.0" encoding="utf-8"?>
<Project ToolsVersion="17.0" xmlns="http://schemas.microsoft.com/developer/msbuild/2003">
  <ItemGroup>
    <CustomBuild Include="C:\project\petools\test_build\CMakeFiles\11a7360bab58199b568b179be155943d\generate.stamp.rule">
      <Filter>CMake Rules</Filter>
    </CustomBuild>
  </ItemGroup>
  <ItemGroup>
    <Filter Include="CMake Rules">
      <UniqueIdentifier>{C7B4C77F-A310-3E56-B4C4-4D5024341D6B}</UniqueIdentifier>
    </Filter>
  </ItemGroup>
</Project>
